
Microsoft Visual Studio Solution File, Format Version 12.00
# Visual Studio Version 17
VisualStudioVersion = 17.13.35818.85 d17.13
MinimumVisualStudioVersion = 10.0.40219.1
Project("{FAE04EC0-301F-11D3-BF4B-00C04F79EFBC}") = "Aiport-App", "Aiport-App\Aiport-App.csproj", "{D8AD5594-AB7A-4290-9742-A649CC626A33}"
EndProject
Global
	GlobalSection(SolutionConfigurationPlatforms) = preSolution
		Debug|Any CPU = Debug|Any CPU
		Release|Any CPU = Release|Any CPU
	EndGlobalSection
	GlobalSection(ProjectConfigurationPlatforms) = postSolution
		{D8AD5594-AB7A-4290-9742-A649CC626A33}.Debug|Any CPU.ActiveCfg = Debug|Any CPU
		{D8AD5594-AB7A-4290-9742-A649CC626A33}.Debug|Any CPU.Build.0 = Debug|Any CPU
		{D8AD5594-AB7A-4290-9742-A649CC626A33}.Release|Any CPU.ActiveCfg = Release|Any CPU
		{D8AD5594-AB7A-4290-9742-A649CC626A33}.Release|Any CPU.Build.0 = Release|Any CPU
	EndGlobalSection
	GlobalSection(SolutionProperties) = preSolution
		HideSolutionNode = FALSE
	EndGlobalSection
	GlobalSection(ExtensibilityGlobals) = postSolution
		SolutionGuid = {4FF04877-5F77-49E7-9C66-4602E3E7FEB3}
	EndGlobalSection
EndGlobal
