
Microsoft Visual Studio Solution File, Format Version 12.00
# Visual Studio Version 17
VisualStudioVersion = 17.13.35818.85 d17.13
MinimumVisualStudioVersion = 10.0.40219.1
Project("{FAE04EC0-301F-11D3-BF4B-00C04F79EFBC}") = "AirPort-App", "AirPort-App\AirPort-App.csproj", "{F6571036-CC89-4CA1-9326-301BBC98E742}"
EndProject
Project("{FAE04EC0-301F-11D3-BF4B-00C04F79EFBC}") = "AdministrareMemorie", "AdministrareMemorie\AdministrareMemorie.csproj", "{265EF5F0-17CB-4E26-857D-60E185706144}"
EndProject
Project("{FAE04EC0-301F-11D3-BF4B-00C04F79EFBC}") = "Librarie_Modele", "Librarie_Modele\Librarie_Modele.csproj", "{FFE40CCD-4B39-4B95-8CA5-771A8989CD1D}"
EndProject
Global
	GlobalSection(SolutionConfigurationPlatforms) = preSolution
		Debug|Any CPU = Debug|Any CPU
		Release|Any CPU = Release|Any CPU
	EndGlobalSection
	GlobalSection(ProjectConfigurationPlatforms) = postSolution
		{F6571036-CC89-4CA1-9326-301BBC98E742}.Debug|Any CPU.ActiveCfg = Debug|Any CPU
		{F6571036-CC89-4CA1-9326-301BBC98E742}.Debug|Any CPU.Build.0 = Debug|Any CPU
		{F6571036-CC89-4CA1-9326-301BBC98E742}.Release|Any CPU.ActiveCfg = Release|Any CPU
		{F6571036-CC89-4CA1-9326-301BBC98E742}.Release|Any CPU.Build.0 = Release|Any CPU
		{265EF5F0-17CB-4E26-857D-60E185706144}.Debug|Any CPU.ActiveCfg = Debug|Any CPU
		{265EF5F0-17CB-4E26-857D-60E185706144}.Debug|Any CPU.Build.0 = Debug|Any CPU
		{265EF5F0-17CB-4E26-857D-60E185706144}.Release|Any CPU.ActiveCfg = Release|Any CPU
		{265EF5F0-17CB-4E26-857D-60E185706144}.Release|Any CPU.Build.0 = Release|Any CPU
		{FFE40CCD-4B39-4B95-8CA5-771A8989CD1D}.Debug|Any CPU.ActiveCfg = Debug|Any CPU
		{FFE40CCD-4B39-4B95-8CA5-771A8989CD1D}.Debug|Any CPU.Build.0 = Debug|Any CPU
		{FFE40CCD-4B39-4B95-8CA5-771A8989CD1D}.Release|Any CPU.ActiveCfg = Release|Any CPU
		{FFE40CCD-4B39-4B95-8CA5-771A8989CD1D}.Release|Any CPU.Build.0 = Release|Any CPU
	EndGlobalSection
	GlobalSection(SolutionProperties) = preSolution
		HideSolutionNode = FALSE
	EndGlobalSection
	GlobalSection(ExtensibilityGlobals) = postSolution
		SolutionGuid = {82EF33C1-513A-49F2-AB44-BC8CA0DC7E29}
	EndGlobalSection
EndGlobal
